
Microsoft Visual Studio Solution File, Format Version 12.00
# Visual Studio Version 16
VisualStudioVersion = 16.0.31515.178
MinimumVisualStudioVersion = 10.0.40219.1
Project("{9A19103F-16F7-4668-BE54-9A1E7A4F7556}") = "MovieBacklog", "MovieBacklog\MovieBacklog.csproj", "{531BAA4B-F219-409A-A63E-B2D43E9AA235}"
EndProject
Global
	GlobalSection(SolutionConfigurationPlatforms) = preSolution
		Debug|Any CPU = Debug|Any CPU
		Release|Any CPU = Release|Any CPU
	EndGlobalSection
	GlobalSection(ProjectConfigurationPlatforms) = postSolution
		{531BAA4B-F219-409A-A63E-B2D43E9AA235}.Debug|Any CPU.ActiveCfg = Debug|Any CPU
		{531BAA4B-F219-409A-A63E-B2D43E9AA235}.Debug|Any CPU.Build.0 = Debug|Any CPU
		{531BAA4B-F219-409A-A63E-B2D43E9AA235}.Release|Any CPU.ActiveCfg = Release|Any CPU
		{531BAA4B-F219-409A-A63E-B2D43E9AA235}.Release|Any CPU.Build.0 = Release|Any CPU
	EndGlobalSection
	GlobalSection(SolutionProperties) = preSolution
		HideSolutionNode = FALSE
	EndGlobalSection
	GlobalSection(ExtensibilityGlobals) = postSolution
		SolutionGuid = {6FCE707D-5F05-43A8-A5BC-DE0343AD90E0}
	EndGlobalSection
EndGlobal
